{
  "name": "jms-telnet",
  "version": "1.0.0",
  "lockfileVersion": 2,
  "requires": true,
  "packages": {
    "": {
      "name": "jms-telnet",
      "version": "1.0.0",
      "license": "Apache-2.0",
      "dependencies": {
        "node-telnet-cli": "github:0LEG0/node-telnet-cli"
      },
      "devDependencies": {
        "jms-engine": "github:0LEG0/jms-engine"
      }
    },
    "../jms-engine": {
      "version": "0.1.1",
      "extraneous": true,
      "license": "Apache-2.0"
    },
    "../node-telnet-cli": {
      "version": "0.1.0",
      "extraneous": true,
      "license": "Apache-2.0",
      "dependencies": {
        "telnet": "github:0LEG0/telnet.js"
      }
    },
    "node_modules/jms-engine": {
      "version": "0.1.1",
      "resolved": "git+ssh://git@github.com/0LEG0/jms-engine.git#9fd4d4c54a89947ac66a30b09a6dfcb5d61a982b",
      "dev": true,
      "license": "Apache-2.0"
    },
    "node_modules/node-telnet-cli": {
      "version": "0.1.0",
      "resolved": "git+ssh://git@github.com/0LEG0/node-telnet-cli.git#7efff908d7ff376f665fa5947d122be60eda7662",
      "license": "Apache-2.0",
      "dependencies": {
        "telnet": "github:0LEG0/telnet.js"
      }
    },
    "node_modules/telnet": {
      "version": "0.0.5",
      "resolved": "git+ssh://git@github.com/0LEG0/telnet.js.git#be961e5d8fa5d8360cc5c11f100f3231a5270447"
    }
  },
  "dependencies": {
    "jms-engine": {
      "version": "git+ssh://git@github.com/0LEG0/jms-engine.git#9fd4d4c54a89947ac66a30b09a6dfcb5d61a982b",
      "dev": true,
      "from": "jms-engine@github:0LEG0/jms-engine"
    },
    "node-telnet-cli": {
      "version": "git+ssh://git@github.com/0LEG0/node-telnet-cli.git#7efff908d7ff376f665fa5947d122be60eda7662",
      "from": "node-telnet-cli@github:0LEG0/node-telnet-cli",
      "requires": {
        "telnet": "github:0LEG0/telnet.js"
      }
    },
    "telnet": {
      "version": "git+ssh://git@github.com/0LEG0/telnet.js.git#be961e5d8fa5d8360cc5c11f100f3231a5270447",
      "from": "telnet@github:0LEG0/telnet.js"
    }
  }
}
